// !$*UTF8*$!
{
	archiveVersion = 1;
	classes = {
	};
	objectVersion = 50;
	objects = {

/* Begin PBXBuildFile section */
		044790CB2507BB9E00EE7198 /* AppDelegate.m in Sources */ = {isa = PBXBuildFile; fileRef = 044790CA2507BB9E00EE7198 /* AppDelegate.m */; };
		044790D12507BB9E00EE7198 /* ViewController.m in Sources */ = {isa = PBXBuildFile; fileRef = 044790D02507BB9E00EE7198 /* ViewController.m */; };
		044790D42507BB9E00EE7198 /* Main.storyboard in Resources */ = {isa = PBXBuildFile; fileRef = 044790D22507BB9E00EE7198 /* Main.storyboard */; };
		044790D62507BBA000EE7198 /* Assets.xcassets in Resources */ = {isa = PBXBuildFile; fileRef = 044790D52507BBA000EE7198 /* Assets.xcassets */; };
		044790D92507BBA000EE7198 /* LaunchScreen.storyboard in Resources */ = {isa = PBXBuildFile; fileRef = 044790D72507BBA000EE7198 /* LaunchScreen.storyboard */; };
		044790DC2507BBA000EE7198 /* main.m in Sources */ = {isa = PBXBuildFile; fileRef = 044790DB2507BBA000EE7198 /* main.m */; };
		044790E32507BC5A00EE7198 /* shader.vsh in Resources */ = {isa = PBXBuildFile; fileRef = 044790E22507BC5A00EE7198 /* shader.vsh */; };
		044790E52507BC8300EE7198 /* shader.fsh in Resources */ = {isa = PBXBuildFile; fileRef = 044790E42507BC8300EE7198 /* shader.fsh */; };
		044790E82507BCD000EE7198 /* YQGLView.m in Sources */ = {isa = PBXBuildFile; fileRef = 044790E72507BCD000EE7198 /* YQGLView.m */; };
/* End PBXBuildFile section */

/* Begin PBXFileReference section */
		044790C62507BB9E00EE7198 /* OpenGLESDemo01.app */ = {isa = PBXFileReference; explicitFileType = wrapper.application; includeInIndex = 0; path = OpenGLESDemo01.app; sourceTree = BUILT_PRODUCTS_DIR; };
		044790C92507BB9E00EE7198 /* AppDelegate.h */ = {isa = PBXFileReference; lastKnownFileType = sourcecode.c.h; path = AppDelegate.h; sourceTree = "<group>"; };
		044790CA2507BB9E00EE7198 /* AppDelegate.m */ = {isa = PBXFileReference; lastKnownFileType = sourcecode.c.objc; path = AppDelegate.m; sourceTree = "<group>"; };
		044790CF2507BB9E00EE7198 /* ViewController.h */ = {isa = PBXFileReference; lastKnownFileType = sourcecode.c.h; path = ViewController.h; sourceTree = "<group>"; };
		044790D02507BB9E00EE7198 /* ViewController.m */ = {isa = PBXFileReference; lastKnownFileType = sourcecode.c.objc; path = ViewController.m; sourceTree = "<group>"; };
		044790D32507BB9E00EE7198 /* Base */ = {isa = PBXFileReference; lastKnownFileType = file.storyboard; name = Base; path = Base.lproj/Main.storyboard; sourceTree = "<group>"; };
		044790D52507BBA000EE7198 /* Assets.xcassets */ = {isa = PBXFileReference; lastKnownFileType = folder.assetcatalog; path = Assets.xcassets; sourceTree = "<group>"; };
		044790D82507BBA000EE7198 /* Base */ = {isa = PBXFileReference; lastKnownFileType = file.storyboard; name = Base; path = Base.lproj/LaunchScreen.storyboard; sourceTree = "<group>"; };
		044790DA2507BBA000EE7198 /* Info.plist */ = {isa = PBXFileReference; lastKnownFileType = text.plist.xml; path = Info.plist; sourceTree = "<group>"; };
		044790DB2507BBA000EE7198 /* main.m */ = {isa = PBXFileReference; lastKnownFileType = sourcecode.c.objc; path = main.m; sourceTree = "<group>"; };
		044790E22507BC5A00EE7198 /* shader.vsh */ = {isa = PBXFileReference; lastKnownFileType = sourcecode.glsl; path = shader.vsh; sourceTree = "<group>"; };
		044790E42507BC8300EE7198 /* shader.fsh */ = {isa = PBXFileReference; lastKnownFileType = sourcecode.glsl; path = shader.fsh; sourceTree = "<group>"; };
		044790E62507BCD000EE7198 /* YQGLView.h */ = {isa = PBXFileReference; lastKnownFileType = sourcecode.c.h; path = YQGLView.h; sourceTree = "<group>"; };
		044790E72507BCD000EE7198 /* YQGLView.m */ = {isa = PBXFileReference; lastKnownFileType = sourcecode.c.objc; path = YQGLView.m; sourceTree = "<group>"; };
/* End PBXFileReference section */

/* Begin PBXFrameworksBuildPhase section */
		044790C32507BB9E00EE7198 /* Frameworks */ = {
			isa = PBXFrameworksBuildPhase;
			buildActionMask = 2147483647;
			files = (
			);
			runOnlyForDeploymentPostprocessing = 0;
		};
/* End PBXFrameworksBuildPhase section */

/* Begin PBXGroup section */
		044790BD2507BB9E00EE7198 = {
			isa = PBXGroup;
			children = (
				044790C82507BB9E00EE7198 /* OpenGLESDemo01 */,
				044790C72507BB9E00EE7198 /* Products */,
			);
			sourceTree = "<group>";
		};
		044790C72507BB9E00EE7198 /* Products */ = {
			isa = PBXGroup;
			children = (
				044790C62507BB9E00EE7198 /* OpenGLESDemo01.app */,
			);
			name = Products;
			sourceTree = "<group>";
		};
		044790C82507BB9E00EE7198 /* OpenGLESDemo01 */ = {
			isa = PBXGroup;
			children = (
				044790C92507BB9E00EE7198 /* AppDelegate.h */,
				044790CA2507BB9E00EE7198 /* AppDelegate.m */,
				044790CF2507BB9E00EE7198 /* ViewController.h */,
				044790D02507BB9E00EE7198 /* ViewController.m */,
				044790D22507BB9E00EE7198 /* Main.storyboard */,
				044790D52507BBA000EE7198 /* Assets.xcassets */,
				044790D72507BBA000EE7198 /* LaunchScreen.storyboard */,
				044790DA2507BBA000EE7198 /* Info.plist */,
				044790DB2507BBA000EE7198 /* main.m */,
				044790E22507BC5A00EE7198 /* shader.vsh */,
				044790E42507BC8300EE7198 /* shader.fsh */,
				044790E62507BCD000EE7198 /* YQGLView.h */,
				044790E72507BCD000EE7198 /* YQGLView.m */,
			);
			path = OpenGLESDemo01;
			sourceTree = "<group>";
		};
/* End PBXGroup section */

/* Begin PBXNativeTarget section */
		044790C52507BB9E00EE7198 /* OpenGLESDemo01 */ = {
			isa = PBXNativeTarget;
			buildConfigurationList = 044790DF2507BBA000EE7198 /* Build configuration list for PBXNativeTarget "OpenGLESDemo01" */;
			buildPhases = (
				044790C22507BB9E00EE7198 /* Sources */,
				044790C32507BB9E00EE7198 /* Frameworks */,
				044790C42507BB9E00EE7198 /* Resources */,
			);
			buildRules = (
			);
			dependencies = (
			);
			name = OpenGLESDemo01;
			productName = OpenGLESDemo01;
			productReference = 044790C62507BB9E00EE7198 /* OpenGLESDemo01.app */;
			productType = "com.apple.product-type.application";
		};
/* End PBXNativeTarget section */

/* Begin PBXProject section */
		044790BE2507BB9E00EE7198 /* Project object */ = {
			isa = PBXProject;
			attributes = {
				LastUpgradeCheck = 1160;
				ORGANIZATIONNAME = MAC;
				TargetAttributes = {
					044790C52507BB9E00EE7198 = {
						CreatedOnToolsVersion = 11.6;
					};
				};
			};
			buildConfigurationList = 044790C12507BB9E00EE7198 /* Build configuration list for PBXProject "OpenGLESDemo01" */;
			compatibilityVersion = "Xcode 9.3";
			developmentRegion = en;
			hasScannedForEncodings = 0;
			knownRegions = (
				en,
				Base,
			);
			mainGroup = 044790BD2507BB9E00EE7198;
			productRefGroup = 044790C72507BB9E00EE7198 /* Products */;
			projectDirPath = "";
			projectRoot = "";
			targets = (
				044790C52507BB9E00EE7198 /* OpenGLESDemo01 */,
			);
		};
/* End PBXProject section */

/* Begin PBXResourcesBuildPhase section */
		044790C42507BB9E00EE7198 /* Resources */ = {
			isa = PBXResourcesBuildPhase;
			buildActionMask = 2147483647;
			files = (
				044790E52507BC8300EE7198 /* shader.fsh in Resources */,
				044790E32507BC5A00EE7198 /* shader.vsh in Resources */,
				044790D92507BBA000EE7198 /* LaunchScreen.storyboard in Resources */,
				044790D62507BBA000EE7198 /* Assets.xcassets in Resources */,
				044790D42507BB9E00EE7198 /* Main.storyboard in Resources */,
			);
			runOnlyForDeploymentPostprocessing = 0;
		};
/* End PBXResourcesBuildPhase section */

/* Begin PBXSourcesBuildPhase section */
		044790C22507BB9E00EE7198 /* Sources */ = {
			isa = PBXSourcesBuildPhase;
			buildActionMask = 2147483647;
			files = (
				044790E82507BCD000EE7198 /* YQGLView.m in Sources */,
				044790D12507BB9E00EE7198 /* ViewController.m in Sources */,
				044790CB2507BB9E00EE7198 /* AppDelegate.m in Sources */,
				044790DC2507BBA000EE7198 /* main.m in Sources */,
			);
			runOnlyForDeploymentPostprocessing = 0;
		};
/* End PBXSourcesBuildPhase section */

/* Begin PBXVariantGroup section */
		044790D22507BB9E00EE7198 /* Main.storyboard */ = {
			isa = PBXVariantGroup;
			children = (
				044790D32507BB9E00EE7198 /* Base */,
			);
			name = Main.storyboard;
			sourceTree = "<group>";
		};
		044790D72507BBA000EE7198 /* LaunchScreen.storyboard */ = {
			isa = PBXVariantGroup;
			children = (
				044790D82507BBA000EE7198 /* Base */,
			);
			name = LaunchScreen.storyboard;
			sourceTree = "<group>";
		};
/* End PBXVariantGroup section */

/* Begin XCBuildConfiguration section */
		044790DD2507BBA000EE7198 /* Debug */ = {
			isa = XCBuildConfiguration;
			buildSettings = {
				ALWAYS_SEARCH_USER_PATHS = NO;
				CLANG_ANALYZER_NONNULL = YES;
				CLANG_ANALYZER_NUMBER_OBJECT_CONVERSION = YES_AGGRESSIVE;
				CLANG_CXX_LANGUAGE_STANDARD = "gnu++14";
				CLANG_CXX_LIBRARY = "libc++";
				CLANG_ENABLE_MODULES = YES;
				CLANG_ENABLE_OBJC_ARC = YES;
				CLANG_ENABLE_OBJC_WEAK = YES;
				CLANG_WARN_BLOCK_CAPTURE_AUTORELEASING = YES;
				CLANG_WARN_BOOL_CONVERSION = YES;
				CLANG_WARN_COMMA = YES;
				CLANG_WARN_CONSTANT_CONVERSION = YES;
				CLANG_WARN_DEPRECATED_OBJC_IMPLEMENTATIONS = YES;
				CLANG_WARN_DIRECT_OBJC_ISA_USAGE = YES_ERROR;
				CLANG_WARN_DOCUMENTATION_COMMENTS = YES;
				CLANG_WARN_EMPTY_BODY = YES;
				CLANG_WARN_ENUM_CONVERSION = YES;
				CLANG_WARN_INFINITE_RECURSION = YES;
				CLANG_WARN_INT_CONVERSION = YES;
				CLANG_WARN_NON_LITERAL_NULL_CONVERSION = YES;
				CLANG_WARN_OBJC_IMPLICIT_RETAIN_SELF = YES;
				CLANG_WARN_OBJC_LITERAL_CONVERSION = YES;
				CLANG_WARN_OBJC_ROOT_CLASS = YES_ERROR;
				CLANG_WARN_RANGE_LOOP_ANALYSIS = YES;
				CLANG_WARN_STRICT_PROTOTYPES = YES;
				CLANG_WARN_SUSPICIOUS_MOVE = YES;
				CLANG_WARN_UNGUARDED_AVAILABILITY = YES_AGGRESSIVE;
				CLANG_WARN_UNREACHABLE_CODE = YES;
				CLANG_WARN__DUPLICATE_METHOD_MATCH = YES;
				COPY_PHASE_STRIP = NO;
				DEBUG_INFORMATION_FORMAT = dwarf;
				ENABLE_STRICT_OBJC_MSGSEND = YES;
				ENABLE_TESTABILITY = YES;
				GCC_C_LANGUAGE_STANDARD = gnu11;
				GCC_DYNAMIC_NO_PIC = NO;
				GCC_NO_COMMON_BLOCKS = YES;
				GCC_OPTIMIZATION_LEVEL = 0;
				GCC_PREPROCESSOR_DEFINITIONS = (
					"DEBUG=1",
					"$(inherited)",
				);
				GCC_WARN_64_TO_32_BIT_CONVERSION = YES;
				GCC_WARN_ABOUT_RETURN_TYPE = YES_ERROR;
				GCC_WARN_UNDECLARED_SELECTOR = YES;
				GCC_WARN_UNINITIALIZED_AUTOS = YES_AGGRESSIVE;
				GCC_WARN_UNUSED_FUNCTION = YES;
				GCC_WARN_UNUSED_VARIABLE = YES;
				IPHONEOS_DEPLOYMENT_TARGET = 10.0;
				MTL_ENABLE_DEBUG_INFO = INCLUDE_SOURCE;
				MTL_FAST_MATH = YES;
				ONLY_ACTIVE_ARCH = YES;
				SDKROOT = iphoneos;
			};
			name = Debug;
		};
		044790DE2507BBA000EE7198 /* Release */ = {
			isa = XCBuildConfiguration;
			buildSettings = {
				ALWAYS_SEARCH_USER_PATHS = NO;
				CLANG_ANALYZER_NONNULL = YES;
				CLANG_ANALYZER_NUMBER_OBJECT_CONVERSION = YES_AGGRESSIVE;
				CLANG_CXX_LANGUAGE_STANDARD = "gnu++14";
				CLANG_CXX_LIBRARY = "libc++";
				CLANG_ENABLE_MODULES = YES;
				CLANG_ENABLE_OBJC_ARC = YES;
				CLANG_ENABLE_OBJC_WEAK = YES;
				CLANG_WARN_BLOCK_CAPTURE_AUTORELEASING = YES;
				CLANG_WARN_BOOL_CONVERSION = YES;
				CLANG_WARN_COMMA = YES;
				CLANG_WARN_CONSTANT_CONVERSION = YES;
				CLANG_WARN_DEPRECATED_OBJC_IMPLEMENTATIONS = YES;
				CLANG_WARN_DIRECT_OBJC_ISA_USAGE = YES_ERROR;
				CLANG_WARN_DOCUMENTATION_COMMENTS = YES;
				CLANG_WARN_EMPTY_BODY = YES;
				CLANG_WARN_ENUM_CONVERSION = YES;
				CLANG_WARN_INFINITE_RECURSION = YES;
				CLANG_WARN_INT_CONVERSION = YES;
				CLANG_WARN_NON_LITERAL_NULL_CONVERSION = YES;
				CLANG_WARN_OBJC_IMPLICIT_RETAIN_SELF = YES;
				CLANG_WARN_OBJC_LITERAL_CONVERSION = YES;
				CLANG_WARN_OBJC_ROOT_CLASS = YES_ERROR;
				CLANG_WARN_RANGE_LOOP_ANALYSIS = YES;
				CLANG_WARN_STRICT_PROTOTYPES = YES;
				CLANG_WARN_SUSPICIOUS_MOVE = YES;
				CLANG_WARN_UNGUARDED_AVAILABILITY = YES_AGGRESSIVE;
				CLANG_WARN_UNREACHABLE_CODE = YES;
				CLANG_WARN__DUPLICATE_METHOD_MATCH = YES;
				COPY_PHASE_STRIP = NO;
				DEBUG_INFORMATION_FORMAT = "dwarf-with-dsym";
				ENABLE_NS_ASSERTIONS = NO;
				ENABLE_STRICT_OBJC_MSGSEND = YES;
				GCC_C_LANGUAGE_STANDARD = gnu11;
				GCC_NO_COMMON_BLOCKS = YES;
				GCC_WARN_64_TO_32_BIT_CONVERSION = YES;
				GCC_WARN_ABOUT_RETURN_TYPE = YES_ERROR;
				GCC_WARN_UNDECLARED_SELECTOR = YES;
				GCC_WARN_UNINITIALIZED_AUTOS = YES_AGGRESSIVE;
				GCC_WARN_UNUSED_FUNCTION = YES;
				GCC_WARN_UNUSED_VARIABLE = YES;
				IPHONEOS_DEPLOYMENT_TARGET = 10.0;
				MTL_ENABLE_DEBUG_INFO = NO;
				MTL_FAST_MATH = YES;
				SDKROOT = iphoneos;
				VALIDATE_PRODUCT = YES;
			};
			name = Release;
		};
		044790E02507BBA000EE7198 /* Debug */ = {
			isa = XCBuildConfiguration;
			buildSettings = {
				ASSETCATALOG_COMPILER_APPICON_NAME = AppIcon;
				CODE_SIGN_STYLE = Automatic;
				DEVELOPMENT_TEAM = ZA3SQF67VQ;
				INFOPLIST_FILE = OpenGLESDemo01/Info.plist;
				IPHONEOS_DEPLOYMENT_TARGET = 10.0;
				LD_RUNPATH_SEARCH_PATHS = (
					"$(inherited)",
					"@executable_path/Frameworks",
				);
				PRODUCT_BUNDLE_IDENTIFIER = com.hyq.OpenGLESDemo01;
				PRODUCT_NAME = "$(TARGET_NAME)";
				TARGETED_DEVICE_FAMILY = "1,2";
			};
			name = Debug;
		};
		044790E12507BBA000EE7198 /* Release */ = {
			isa = XCBuildConfiguration;
			buildSettings = {
				ASSETCATALOG_COMPILER_APPICON_NAME = AppIcon;
				CODE_SIGN_STYLE = Automatic;
				DEVELOPMENT_TEAM = ZA3SQF67VQ;
				INFOPLIST_FILE = OpenGLESDemo01/Info.plist;
				IPHONEOS_DEPLOYMENT_TARGET = 10.0;
				LD_RUNPATH_SEARCH_PATHS = (
					"$(inherited)",
					"@executable_path/Frameworks",
				);
				PRODUCT_BUNDLE_IDENTIFIER = com.hyq.OpenGLESDemo01;
				PRODUCT_NAME = "$(TARGET_NAME)";
				TARGETED_DEVICE_FAMILY = "1,2";
			};
			name = Release;
		};
/* End XCBuildConfiguration section */

/* Begin XCConfigurationList section */
		044790C12507BB9E00EE7198 /* Build configuration list for PBXProject "OpenGLESDemo01" */ = {
			isa = XCConfigurationList;
			buildConfigurations = (
				044790DD2507BBA000EE7198 /* Debug */,
				044790DE2507BBA000EE7198 /* Release */,
			);
			defaultConfigurationIsVisible = 0;
			defaultConfigurationName = Release;
		};
		044790DF2507BBA000EE7198 /* Build configuration list for PBXNativeTarget "OpenGLESDemo01" */ = {
			isa = XCConfigurationList;
			buildConfigurations = (
				044790E02507BBA000EE7198 /* Debug */,
				044790E12507BBA000EE7198 /* Release */,
			);
			defaultConfigurationIsVisible = 0;
			defaultConfigurationName = Release;
		};
/* End XCConfigurationList section */
	};
	rootObject = 044790BE2507BB9E00EE7198 /* Project object */;
}
